
Microsoft Visual Studio Solution File, Format Version 12.00
# Visual Studio Version 17
VisualStudioVersion = 17.10.35122.118
MinimumVisualStudioVersion = 10.0.40219.1
Project("{9A19103F-16F7-4668-BE54-9A1E7A4F7556}") = "XauDataLayer", "XauDataLayer.csproj", "{4EA76AFA-A9C8-49E5-8A65-11A614B67E86}"
EndProject
Global
	GlobalSection(SolutionConfigurationPlatforms) = preSolution
		Debug|Any CPU = Debug|Any CPU
		Release|Any CPU = Release|Any CPU
	EndGlobalSection
	GlobalSection(ProjectConfigurationPlatforms) = postSolution
		{4EA76AFA-A9C8-49E5-8A65-11A614B67E86}.Debug|Any CPU.ActiveCfg = Debug|Any CPU
		{4EA76AFA-A9C8-49E5-8A65-11A614B67E86}.Debug|Any CPU.Build.0 = Debug|Any CPU
		{4EA76AFA-A9C8-49E5-8A65-11A614B67E86}.Release|Any CPU.ActiveCfg = Release|Any CPU
		{4EA76AFA-A9C8-49E5-8A65-11A614B67E86}.Release|Any CPU.Build.0 = Release|Any CPU
	EndGlobalSection
	GlobalSection(SolutionProperties) = preSolution
		HideSolutionNode = FALSE
	EndGlobalSection
	GlobalSection(ExtensibilityGlobals) = postSolution
		SolutionGuid = {AF66A1B1-F393-4C30-8F61-B86D949496C0}
	EndGlobalSection
EndGlobal
